
Microsoft Visual Studio Solution File, Format Version 12.00
# Visual Studio 15
VisualStudioVersion = 15.0.27130.2024
MinimumVisualStudioVersion = 10.0.40219.1
Project("{FAE04EC0-301F-11D3-BF4B-00C04F79EFBC}") = "ChatServer", "ChatServer\ChatServer.csproj", "{CE359A0A-3AA8-4412-8B85-F6DD52B0EE10}"
EndProject
Project("{FAE04EC0-301F-11D3-BF4B-00C04F79EFBC}") = "Chatwpf", "Chatwpf\Chatwpf.csproj", "{8F329B9C-9BEF-4731-AF0C-0414B1A4661B}"
EndProject
Project("{FAE04EC0-301F-11D3-BF4B-00C04F79EFBC}") = "MyLib", "MyLib\MyLib.csproj", "{DBF88B79-E2F3-4768-BEFD-17C65F07AE40}"
EndProject
Global
	GlobalSection(SolutionConfigurationPlatforms) = preSolution
		Debug|Any CPU = Debug|Any CPU
		Release|Any CPU = Release|Any CPU
	EndGlobalSection
	GlobalSection(ProjectConfigurationPlatforms) = postSolution
		{CE359A0A-3AA8-4412-8B85-F6DD52B0EE10}.Debug|Any CPU.ActiveCfg = Debug|Any CPU
		{CE359A0A-3AA8-4412-8B85-F6DD52B0EE10}.Debug|Any CPU.Build.0 = Debug|Any CPU
		{CE359A0A-3AA8-4412-8B85-F6DD52B0EE10}.Release|Any CPU.ActiveCfg = Release|Any CPU
		{CE359A0A-3AA8-4412-8B85-F6DD52B0EE10}.Release|Any CPU.Build.0 = Release|Any CPU
		{8F329B9C-9BEF-4731-AF0C-0414B1A4661B}.Debug|Any CPU.ActiveCfg = Debug|Any CPU
		{8F329B9C-9BEF-4731-AF0C-0414B1A4661B}.Debug|Any CPU.Build.0 = Debug|Any CPU
		{8F329B9C-9BEF-4731-AF0C-0414B1A4661B}.Release|Any CPU.ActiveCfg = Release|Any CPU
		{8F329B9C-9BEF-4731-AF0C-0414B1A4661B}.Release|Any CPU.Build.0 = Release|Any CPU
		{DBF88B79-E2F3-4768-BEFD-17C65F07AE40}.Debug|Any CPU.ActiveCfg = Debug|Any CPU
		{DBF88B79-E2F3-4768-BEFD-17C65F07AE40}.Debug|Any CPU.Build.0 = Debug|Any CPU
		{DBF88B79-E2F3-4768-BEFD-17C65F07AE40}.Release|Any CPU.ActiveCfg = Release|Any CPU
		{DBF88B79-E2F3-4768-BEFD-17C65F07AE40}.Release|Any CPU.Build.0 = Release|Any CPU
	EndGlobalSection
	GlobalSection(SolutionProperties) = preSolution
		HideSolutionNode = FALSE
	EndGlobalSection
	GlobalSection(ExtensibilityGlobals) = postSolution
		SolutionGuid = {BDA1B18F-5A0F-41A4-B498-7E3B4A2E30BF}
	EndGlobalSection
EndGlobal
